
Microsoft Visual Studio Solution File, Format Version 12.00
# Visual Studio 15
Project("{FAE04EC0-301F-11D3-BF4B-00C04F79EFBC}") = "Assembly-CSharp", "Assembly-CSharp.csproj", "{EA2404E1-869C-26D8-0F6A-AF5EE22838E6}"
EndProject
Global
	GlobalSection(SolutionConfigurationPlatforms) = preSolution
		Debug|Any CPU = Debug|Any CPU
		Release|Any CPU = Release|Any CPU
	EndGlobalSection
	GlobalSection(ProjectConfigurationPlatforms) = postSolution
		{EA2404E1-869C-26D8-0F6A-AF5EE22838E6}.Debug|Any CPU.ActiveCfg = Debug|Any CPU
		{EA2404E1-869C-26D8-0F6A-AF5EE22838E6}.Debug|Any CPU.Build.0 = Debug|Any CPU
		{EA2404E1-869C-26D8-0F6A-AF5EE22838E6}.Release|Any CPU.ActiveCfg = Release|Any CPU
		{EA2404E1-869C-26D8-0F6A-AF5EE22838E6}.Release|Any CPU.Build.0 = Release|Any CPU
	EndGlobalSection
	GlobalSection(SolutionProperties) = preSolution
		HideSolutionNode = FALSE
	EndGlobalSection
EndGlobal
